<?xml version="1.0" encoding="utf-8"?>
<Project ToolsVersion="4.0" xmlns="http://schemas.microsoft.com/developer/msbuild/2003">
  <ItemGroup>
    <Filter Include="Chestnut">
      <UniqueIdentifier>{3338928A-1F05-ED95-481E-DB3D344A2224}</UniqueIdentifier>
    </Filter>
    <Filter Include="Chestnut\Events">
      <UniqueIdentifier>{B74C76F5-23D8-E3B9-2CE9-66AE98F33FBA}</UniqueIdentifier>
    </Filter>
    <Filter Include="Chestnut\Graphics">
      <UniqueIdentifier>{D3E99FC7-3F00-9E5D-8877-297FF4CC6EE5}</UniqueIdentifier>
    </Filter>
    <Filter Include="Chestnut\Patterns">
      <UniqueIdentifier>{7345EB25-DF5B-E9BB-28D3-74DD9428BA43}</UniqueIdentifier>
    </Filter>
  </ItemGroup>
  <ItemGroup>
    <ClInclude Include="src\Chestnut.h" />
    <ClInclude Include="src\Chestnut\Events.h">
      <Filter>Chestnut</Filter>
    </ClInclude>
    <ClInclude Include="src\Chestnut\Events\ApplicationEvent.h">
      <Filter>Chestnut\Events</Filter>
    </ClInclude>
    <ClInclude Include="src\Chestnut\Events\Event.h">
      <Filter>Chestnut\Events</Filter>
    </ClInclude>
    <ClInclude Include="src\Chestnut\Events\KeyEvent.h">
      <Filter>Chestnut\Events</Filter>
    </ClInclude>
    <ClInclude Include="src\Chestnut\Events\MouseEvent.h">
      <Filter>Chestnut\Events</Filter>
    </ClInclude>
    <ClInclude Include="src\Chestnut\Game.h">
      <Filter>Chestnut</Filter>
    </ClInclude>
    <ClInclude Include="src\Chestnut\Graphics\Renderer.h">
      <Filter>Chestnut\Graphics</Filter>
    </ClInclude>
    <ClInclude Include="src\Chestnut\Input.h">
      <Filter>Chestnut</Filter>
    </ClInclude>
    <ClInclude Include="src\Chestnut\Log.h">
      <Filter>Chestnut</Filter>
    </ClInclude>
    <ClInclude Include="src\Chestnut\Patterns\Singelton.h">
      <Filter>Chestnut\Patterns</Filter>
    </ClInclude>
    <ClInclude Include="src\Chestnut\Timer.h">
      <Filter>Chestnut</Filter>
    </ClInclude>
    <ClInclude Include="src\api.h" />
    <ClInclude Include="src\chstpch.h" />
  </ItemGroup>
  <ItemGroup>
    <ClCompile Include="src\Chestnut\Game.cpp">
      <Filter>Chestnut</Filter>
    </ClCompile>
    <ClCompile Include="src\Chestnut\Graphics\Renderer.cpp">
      <Filter>Chestnut\Graphics</Filter>
    </ClCompile>
    <ClCompile Include="src\Chestnut\Input.cpp">
      <Filter>Chestnut</Filter>
    </ClCompile>
    <ClCompile Include="src\Chestnut\Log.cpp">
      <Filter>Chestnut</Filter>
    </ClCompile>
    <ClCompile Include="src\Chestnut\Timer.cpp">
      <Filter>Chestnut</Filter>
    </ClCompile>
    <ClCompile Include="src\chstpch.cpp" />
  </ItemGroup>
</Project>