<?xml version="1.0" encoding="utf-8"?>
<Project ToolsVersion="4.0" xmlns="http://schemas.microsoft.com/developer/msbuild/2003">
  <ItemGroup>
    <Filter Include="Chestnut">
      <UniqueIdentifier>{3338928A-1F05-ED95-481E-DB3D344A2224}</UniqueIdentifier>
    </Filter>
    <Filter Include="Chestnut\Events">
      <UniqueIdentifier>{B74C76F5-23D8-E3B9-2CE9-66AE98F33FBA}</UniqueIdentifier>
    </Filter>
    <Filter Include="Chestnut\ImGui">
      <UniqueIdentifier>{9DC73E36-8995-323C-7229-A3625E960EA1}</UniqueIdentifier>
    </Filter>
    <Filter Include="Chestnut\Patterns">
      <UniqueIdentifier>{7345EB25-DF5B-E9BB-28D3-74DD9428BA43}</UniqueIdentifier>
    </Filter>
  </ItemGroup>
  <ItemGroup>
    <ClInclude Include="src\Chestnut.h" />
    <ClInclude Include="src\Chestnut\Events.h">
      <Filter>Chestnut</Filter>
    </ClInclude>
    <ClInclude Include="src\Chestnut\Events\ApplicationEvent.h">
      <Filter>Chestnut\Events</Filter>
    </ClInclude>
    <ClInclude Include="src\Chestnut\Events\Event.h">
      <Filter>Chestnut\Events</Filter>
    </ClInclude>
    <ClInclude Include="src\Chestnut\Events\KeyEvent.h">
      <Filter>Chestnut\Events</Filter>
    </ClInclude>
    <ClInclude Include="src\Chestnut\Events\MouseEvent.h">
      <Filter>Chestnut\Events</Filter>
    </ClInclude>
    <ClInclude Include="src\Chestnut\Game.h">
      <Filter>Chestnut</Filter>
    </ClInclude>
    <ClInclude Include="src\Chestnut\Log.h">
      <Filter>Chestnut</Filter>
    </ClInclude>
    <ClInclude Include="src\Chestnut\Patterns\Singelton.h">
      <Filter>Chestnut\Patterns</Filter>
    </ClInclude>
    <ClInclude Include="src\api.h" />
    <ClInclude Include="src\chstpch.h" />
    <ClInclude Include="src\Chestnut\Graphics\Renderer.h" />
    <ClInclude Include="src\Chestnut\Timer.h" />
  </ItemGroup>
  <ItemGroup>
    <ClCompile Include="src\Chestnut\Game.cpp">
      <Filter>Chestnut</Filter>
    </ClCompile>
    <ClCompile Include="src\Chestnut\Log.cpp">
      <Filter>Chestnut</Filter>
    </ClCompile>
    <ClCompile Include="src\chstpch.cpp" />
    <ClCompile Include="src\Chestnut\Graphics\Renderer.cpp" />
    <ClCompile Include="src\Chestnut\Timer.cpp" />
  </ItemGroup>
</Project>