<?xml version="1.0" encoding="utf-8"?>
<Project ToolsVersion="4.0" xmlns="http://schemas.microsoft.com/developer/msbuild/2003">
  <ItemGroup>
    <Filter Include="ecs">
      <UniqueIdentifier>{C06D880B-2C77-887C-B5F2-9E7C21FB937C}</UniqueIdentifier>
    </Filter>
    <Filter Include="error">
      <UniqueIdentifier>{EF21630F-5B36-8BC0-24B8-2E20908B87F1}</UniqueIdentifier>
    </Filter>
    <Filter Include="graphics">
      <UniqueIdentifier>{36EF08BC-22BC-63C7-4BD5-516F37019955}</UniqueIdentifier>
    </Filter>
    <Filter Include="input">
      <UniqueIdentifier>{B54AA90F-215F-D1C0-EAE0-742056B4CDF1}</UniqueIdentifier>
    </Filter>
    <Filter Include="math">
      <UniqueIdentifier>{CF809A7C-BBB7-9B0D-64A4-811050BA170F}</UniqueIdentifier>
    </Filter>
    <Filter Include="physics">
      <UniqueIdentifier>{A823A1AC-1403-2048-1D1B-AB1E897986A9}</UniqueIdentifier>
    </Filter>
  </ItemGroup>
  <ItemGroup>
    <ClInclude Include="src\chestnut2D.h" />
    <ClInclude Include="src\ecs.h" />
    <ClInclude Include="src\ecs\animationcomponent.h">
      <Filter>ecs</Filter>
    </ClInclude>
    <ClInclude Include="src\ecs\component.h">
      <Filter>ecs</Filter>
    </ClInclude>
    <ClInclude Include="src\ecs\entity.h">
      <Filter>ecs</Filter>
    </ClInclude>
    <ClInclude Include="src\ecs\physicscomponent.h">
      <Filter>ecs</Filter>
    </ClInclude>
    <ClInclude Include="src\ecs\playercomponent.h">
      <Filter>ecs</Filter>
    </ClInclude>
    <ClInclude Include="src\error\error.h">
      <Filter>error</Filter>
    </ClInclude>
    <ClInclude Include="src\game.h" />
    <ClInclude Include="src\gl.h" />
    <ClInclude Include="src\graphics.h" />
    <ClInclude Include="src\graphics\animation.h">
      <Filter>graphics</Filter>
    </ClInclude>
    <ClInclude Include="src\graphics\buffers.h">
      <Filter>graphics</Filter>
    </ClInclude>
    <ClInclude Include="src\graphics\color.h">
      <Filter>graphics</Filter>
    </ClInclude>
    <ClInclude Include="src\graphics\framebuffer.h">
      <Filter>graphics</Filter>
    </ClInclude>
    <ClInclude Include="src\graphics\image.h">
      <Filter>graphics</Filter>
    </ClInclude>
    <ClInclude Include="src\graphics\primitives.h">
      <Filter>graphics</Filter>
    </ClInclude>
    <ClInclude Include="src\graphics\renderer.h">
      <Filter>graphics</Filter>
    </ClInclude>
    <ClInclude Include="src\graphics\shader.h">
      <Filter>graphics</Filter>
    </ClInclude>
    <ClInclude Include="src\graphics\texture.h">
      <Filter>graphics</Filter>
    </ClInclude>
    <ClInclude Include="src\graphics\view.h">
      <Filter>graphics</Filter>
    </ClInclude>
    <ClInclude Include="src\input\input.h">
      <Filter>input</Filter>
    </ClInclude>
    <ClInclude Include="src\math\geometry.h">
      <Filter>math</Filter>
    </ClInclude>
    <ClInclude Include="src\math\maths.h">
      <Filter>math</Filter>
    </ClInclude>
    <ClInclude Include="src\math\poly.h">
      <Filter>math</Filter>
    </ClInclude>
    <ClInclude Include="src\math\rect.h">
      <Filter>math</Filter>
    </ClInclude>
    <ClInclude Include="src\physics.h" />
    <ClInclude Include="src\physics\aabb.h">
      <Filter>physics</Filter>
    </ClInclude>
    <ClInclude Include="src\physics\body.h">
      <Filter>physics</Filter>
    </ClInclude>
    <ClInclude Include="src\physics\tilemap.h">
      <Filter>physics</Filter>
    </ClInclude>
    <ClInclude Include="src\tools.h" />
  </ItemGroup>
  <ItemGroup>
    <ClCompile Include="src\ecs\animationcomponent.cpp">
      <Filter>ecs</Filter>
    </ClCompile>
    <ClCompile Include="src\ecs\entity.cpp">
      <Filter>ecs</Filter>
    </ClCompile>
    <ClCompile Include="src\ecs\physicscomponent.cpp">
      <Filter>ecs</Filter>
    </ClCompile>
    <ClCompile Include="src\ecs\playercomponent.cpp">
      <Filter>ecs</Filter>
    </ClCompile>
    <ClCompile Include="src\game.cpp" />
    <ClCompile Include="src\graphics\animation.cpp">
      <Filter>graphics</Filter>
    </ClCompile>
    <ClCompile Include="src\graphics\buffers.cpp">
      <Filter>graphics</Filter>
    </ClCompile>
    <ClCompile Include="src\graphics\framebuffer.cpp">
      <Filter>graphics</Filter>
    </ClCompile>
    <ClCompile Include="src\graphics\image.cpp">
      <Filter>graphics</Filter>
    </ClCompile>
    <ClCompile Include="src\graphics\primitives.cpp">
      <Filter>graphics</Filter>
    </ClCompile>
    <ClCompile Include="src\graphics\renderer.cpp">
      <Filter>graphics</Filter>
    </ClCompile>
    <ClCompile Include="src\graphics\shader.cpp">
      <Filter>graphics</Filter>
    </ClCompile>
    <ClCompile Include="src\graphics\texture.cpp">
      <Filter>graphics</Filter>
    </ClCompile>
    <ClCompile Include="src\graphics\view.cpp">
      <Filter>graphics</Filter>
    </ClCompile>
    <ClCompile Include="src\input\input.cpp">
      <Filter>input</Filter>
    </ClCompile>
    <ClCompile Include="src\math\poly.cpp">
      <Filter>math</Filter>
    </ClCompile>
    <ClCompile Include="src\math\rect.cpp">
      <Filter>math</Filter>
    </ClCompile>
    <ClCompile Include="src\physics\body.cpp">
      <Filter>physics</Filter>
    </ClCompile>
    <ClCompile Include="src\physics\tilemap.cpp">
      <Filter>physics</Filter>
    </ClCompile>
  </ItemGroup>
</Project>